// !$*UTF8*$!
{
	archiveVersion = 1;
	classes = {
	};
	objectVersion = 55;
	objects = {

/* Begin PBXBuildFile section */
		0D25F1A22796F4280044868E /* Combine-withLatestFrom.swift in Sources */ = {isa = PBXBuildFile; fileRef = 0D25F1A12796F4280044868E /* Combine-withLatestFrom.swift */; };
		0D2E17CB27926AFE00004FC8 /* ActivityIndicator.swift in Sources */ = {isa = PBXBuildFile; fileRef = 0D2E17CA27926AFE00004FC8 /* ActivityIndicator.swift */; };
		0D2E17CD27926B5000004FC8 /* ErrorIndicator.swift in Sources */ = {isa = PBXBuildFile; fileRef = 0D2E17CC27926B5000004FC8 /* ErrorIndicator.swift */; };
		0D2E17CF279272BB00004FC8 /* LoginBackView.swift in Sources */ = {isa = PBXBuildFile; fileRef = 0D2E17CE279272BB00004FC8 /* LoginBackView.swift */; };
		0D36346527AFBA4600B3C6A7 /* TodoModel.swift in Sources */ = {isa = PBXBuildFile; fileRef = 0D36346427AFBA4600B3C6A7 /* TodoModel.swift */; };
		0D36346727AFBA7900B3C6A7 /* TodoRowView.swift in Sources */ = {isa = PBXBuildFile; fileRef = 0D36346627AFBA7900B3C6A7 /* TodoRowView.swift */; };
		0D36346927B0B1D600B3C6A7 /* SwiftUI+KeyboardFrameModifier.swift in Sources */ = {isa = PBXBuildFile; fileRef = 0D36346827B0B1D600B3C6A7 /* SwiftUI+KeyboardFrameModifier.swift */; };
		0D36346B27B0B8B900B3C6A7 /* AlertWithTF.swift in Sources */ = {isa = PBXBuildFile; fileRef = 0D36346A27B0B8B900B3C6A7 /* AlertWithTF.swift */; };
		0D418B472779784E008148E6 /* LoginViewController.swift in Sources */ = {isa = PBXBuildFile; fileRef = 0D418B462779784E008148E6 /* LoginViewController.swift */; };
		0D418B4A27799743008148E6 /* LoginModels.swift in Sources */ = {isa = PBXBuildFile; fileRef = 0D418B4927799743008148E6 /* LoginModels.swift */; };
		0D418B4C27799809008148E6 /* LoginViewModel.swift in Sources */ = {isa = PBXBuildFile; fileRef = 0D418B4B27799809008148E6 /* LoginViewModel.swift */; };
		0D4B108F278D68670070BC8B /* GoogleService-Info.plist in Resources */ = {isa = PBXBuildFile; fileRef = 0D4B108E278D68670070BC8B /* GoogleService-Info.plist */; };
		0D4B1092278D6A640070BC8B /* FirebaseAnalytics in Frameworks */ = {isa = PBXBuildFile; productRef = 0D4B1091278D6A640070BC8B /* FirebaseAnalytics */; };
		0D4B1094278D6A640070BC8B /* FirebaseAuth in Frameworks */ = {isa = PBXBuildFile; productRef = 0D4B1093278D6A640070BC8B /* FirebaseAuth */; };
		0D4B1096278D6C230070BC8B /* AuthManager.swift in Sources */ = {isa = PBXBuildFile; fileRef = 0D4B1095278D6C230070BC8B /* AuthManager.swift */; };
		0D4B109B278D892F0070BC8B /* TodoTableView.swift in Sources */ = {isa = PBXBuildFile; fileRef = 0D4B109A278D892F0070BC8B /* TodoTableView.swift */; };
		0D51A435275F59A500DE6E41 /* AppDelegate.swift in Sources */ = {isa = PBXBuildFile; fileRef = 0D51A434275F59A500DE6E41 /* AppDelegate.swift */; };
		0D51A437275F59A500DE6E41 /* SceneDelegate.swift in Sources */ = {isa = PBXBuildFile; fileRef = 0D51A436275F59A500DE6E41 /* SceneDelegate.swift */; };
		0D51A43E275F59A900DE6E41 /* Assets.xcassets in Resources */ = {isa = PBXBuildFile; fileRef = 0D51A43D275F59A900DE6E41 /* Assets.xcassets */; };
		0D51A441275F59A900DE6E41 /* LaunchScreen.storyboard in Resources */ = {isa = PBXBuildFile; fileRef = 0D51A43F275F59A900DE6E41 /* LaunchScreen.storyboard */; };
		0D51A44B275F902100DE6E41 /* UIExtensions.swift in Sources */ = {isa = PBXBuildFile; fileRef = 0D51A44A275F902100DE6E41 /* UIExtensions.swift */; };
		0D51A44F27623BF900DE6E41 /* UIControl+Combine.swift in Sources */ = {isa = PBXBuildFile; fileRef = 0D51A44E27623BF900DE6E41 /* UIControl+Combine.swift */; };
		0D92EBD227B39254001BC2E7 /* Persistence.swift in Sources */ = {isa = PBXBuildFile; fileRef = 0D92EBD127B39254001BC2E7 /* Persistence.swift */; };
		0D92EBD627B3F6DF001BC2E7 /* TodoTableViewModel.swift in Sources */ = {isa = PBXBuildFile; fileRef = 0D92EBD527B3F6DF001BC2E7 /* TodoTableViewModel.swift */; };
		0DBA3CFB2779BFDF0048BFC1 /* AppConstants.swift in Sources */ = {isa = PBXBuildFile; fileRef = 0DBA3CFA2779BFDF0048BFC1 /* AppConstants.swift */; };
/* End PBXBuildFile section */

/* Begin PBXFileReference section */
		0D25F1A12796F4280044868E /* Combine-withLatestFrom.swift */ = {isa = PBXFileReference; lastKnownFileType = sourcecode.swift; path = "Combine-withLatestFrom.swift"; sourceTree = "<group>"; };
		0D2E17CA27926AFE00004FC8 /* ActivityIndicator.swift */ = {isa = PBXFileReference; lastKnownFileType = sourcecode.swift; path = ActivityIndicator.swift; sourceTree = "<group>"; };
		0D2E17CC27926B5000004FC8 /* ErrorIndicator.swift */ = {isa = PBXFileReference; lastKnownFileType = sourcecode.swift; path = ErrorIndicator.swift; sourceTree = "<group>"; };
		0D2E17CE279272BB00004FC8 /* LoginBackView.swift */ = {isa = PBXFileReference; lastKnownFileType = sourcecode.swift; path = LoginBackView.swift; sourceTree = "<group>"; };
		0D36346427AFBA4600B3C6A7 /* TodoModel.swift */ = {isa = PBXFileReference; lastKnownFileType = sourcecode.swift; path = TodoModel.swift; sourceTree = "<group>"; };
		0D36346627AFBA7900B3C6A7 /* TodoRowView.swift */ = {isa = PBXFileReference; lastKnownFileType = sourcecode.swift; path = TodoRowView.swift; sourceTree = "<group>"; };
		0D36346827B0B1D600B3C6A7 /* SwiftUI+KeyboardFrameModifier.swift */ = {isa = PBXFileReference; lastKnownFileType = sourcecode.swift; path = "SwiftUI+KeyboardFrameModifier.swift"; sourceTree = "<group>"; };
		0D36346A27B0B8B900B3C6A7 /* AlertWithTF.swift */ = {isa = PBXFileReference; lastKnownFileType = sourcecode.swift; path = AlertWithTF.swift; sourceTree = "<group>"; };
		0D418B462779784E008148E6 /* LoginViewController.swift */ = {isa = PBXFileReference; lastKnownFileType = sourcecode.swift; path = LoginViewController.swift; sourceTree = "<group>"; };
		0D418B4927799743008148E6 /* LoginModels.swift */ = {isa = PBXFileReference; lastKnownFileType = sourcecode.swift; path = LoginModels.swift; sourceTree = "<group>"; };
		0D418B4B27799809008148E6 /* LoginViewModel.swift */ = {isa = PBXFileReference; lastKnownFileType = sourcecode.swift; path = LoginViewModel.swift; sourceTree = "<group>"; };
		0D4B108E278D68670070BC8B /* GoogleService-Info.plist */ = {isa = PBXFileReference; fileEncoding = 4; lastKnownFileType = text.plist.xml; path = "GoogleService-Info.plist"; sourceTree = "<group>"; };
		0D4B1095278D6C230070BC8B /* AuthManager.swift */ = {isa = PBXFileReference; lastKnownFileType = sourcecode.swift; path = AuthManager.swift; sourceTree = "<group>"; };
		0D4B109A278D892F0070BC8B /* TodoTableView.swift */ = {isa = PBXFileReference; lastKnownFileType = sourcecode.swift; path = TodoTableView.swift; sourceTree = "<group>"; };
		0D51A431275F59A500DE6E41 /* LogIn.app */ = {isa = PBXFileReference; explicitFileType = wrapper.application; includeInIndex = 0; path = LogIn.app; sourceTree = BUILT_PRODUCTS_DIR; };
		0D51A434275F59A500DE6E41 /* AppDelegate.swift */ = {isa = PBXFileReference; lastKnownFileType = sourcecode.swift; path = AppDelegate.swift; sourceTree = "<group>"; };
		0D51A436275F59A500DE6E41 /* SceneDelegate.swift */ = {isa = PBXFileReference; lastKnownFileType = sourcecode.swift; path = SceneDelegate.swift; sourceTree = "<group>"; };
		0D51A43D275F59A900DE6E41 /* Assets.xcassets */ = {isa = PBXFileReference; lastKnownFileType = folder.assetcatalog; path = Assets.xcassets; sourceTree = "<group>"; };
		0D51A440275F59A900DE6E41 /* Base */ = {isa = PBXFileReference; lastKnownFileType = file.storyboard; name = Base; path = Base.lproj/LaunchScreen.storyboard; sourceTree = "<group>"; };
		0D51A442275F59A900DE6E41 /* Info.plist */ = {isa = PBXFileReference; lastKnownFileType = text.plist.xml; path = Info.plist; sourceTree = "<group>"; };
		0D51A44A275F902100DE6E41 /* UIExtensions.swift */ = {isa = PBXFileReference; lastKnownFileType = sourcecode.swift; path = UIExtensions.swift; sourceTree = "<group>"; };
		0D51A44E27623BF900DE6E41 /* UIControl+Combine.swift */ = {isa = PBXFileReference; lastKnownFileType = sourcecode.swift; path = "UIControl+Combine.swift"; sourceTree = "<group>"; };
		0D92EBD127B39254001BC2E7 /* Persistence.swift */ = {isa = PBXFileReference; lastKnownFileType = sourcecode.swift; path = Persistence.swift; sourceTree = "<group>"; };
		0D92EBD527B3F6DF001BC2E7 /* TodoTableViewModel.swift */ = {isa = PBXFileReference; lastKnownFileType = sourcecode.swift; path = TodoTableViewModel.swift; sourceTree = "<group>"; };
		0DBA3CFA2779BFDF0048BFC1 /* AppConstants.swift */ = {isa = PBXFileReference; lastKnownFileType = sourcecode.swift; path = AppConstants.swift; sourceTree = "<group>"; };
/* End PBXFileReference section */

/* Begin PBXFrameworksBuildPhase section */
		0D51A42E275F59A500DE6E41 /* Frameworks */ = {
			isa = PBXFrameworksBuildPhase;
			buildActionMask = 2147483647;
			files = (
				0D4B1092278D6A640070BC8B /* FirebaseAnalytics in Frameworks */,
				0D4B1094278D6A640070BC8B /* FirebaseAuth in Frameworks */,
			);
			runOnlyForDeploymentPostprocessing = 0;
		};
/* End PBXFrameworksBuildPhase section */

/* Begin PBXGroup section */
		0D36346327AF769500B3C6A7 /* TodoTableView */ = {
			isa = PBXGroup;
			children = (
				0D4B109A278D892F0070BC8B /* TodoTableView.swift */,
				0D92EBD527B3F6DF001BC2E7 /* TodoTableViewModel.swift */,
				0D36346A27B0B8B900B3C6A7 /* AlertWithTF.swift */,
				0D36346627AFBA7900B3C6A7 /* TodoRowView.swift */,
				0D36346427AFBA4600B3C6A7 /* TodoModel.swift */,
			);
			path = TodoTableView;
			sourceTree = "<group>";
		};
		0D418B4827798984008148E6 /* LoginViewController */ = {
			isa = PBXGroup;
			children = (
				0D418B462779784E008148E6 /* LoginViewController.swift */,
				0D418B4B27799809008148E6 /* LoginViewModel.swift */,
				0D418B4927799743008148E6 /* LoginModels.swift */,
				0D2E17CE279272BB00004FC8 /* LoginBackView.swift */,
			);
			path = LoginViewController;
			sourceTree = "<group>";
		};
		0D4B1097278D72C80070BC8B /* Helpers */ = {
			isa = PBXGroup;
			children = (
				0D51A44E27623BF900DE6E41 /* UIControl+Combine.swift */,
				0D25F1A12796F4280044868E /* Combine-withLatestFrom.swift */,
				0D2E17CA27926AFE00004FC8 /* ActivityIndicator.swift */,
				0D36346827B0B1D600B3C6A7 /* SwiftUI+KeyboardFrameModifier.swift */,
				0D2E17CC27926B5000004FC8 /* ErrorIndicator.swift */,
				0D51A44A275F902100DE6E41 /* UIExtensions.swift */,
				0DBA3CFA2779BFDF0048BFC1 /* AppConstants.swift */,
			);
			path = Helpers;
			sourceTree = "<group>";
		};
		0D4B1098278D72DE0070BC8B /* Auth */ = {
			isa = PBXGroup;
			children = (
				0D4B1095278D6C230070BC8B /* AuthManager.swift */,
			);
			path = Auth;
			sourceTree = "<group>";
		};
		0D4B1099278D72FE0070BC8B /* CommonFiles */ = {
			isa = PBXGroup;
			children = (
				0D51A434275F59A500DE6E41 /* AppDelegate.swift */,
				0D51A436275F59A500DE6E41 /* SceneDelegate.swift */,
				0D51A43D275F59A900DE6E41 /* Assets.xcassets */,
				0D51A43F275F59A900DE6E41 /* LaunchScreen.storyboard */,
			);
			path = CommonFiles;
			sourceTree = "<group>";
		};
		0D51A428275F59A500DE6E41 = {
			isa = PBXGroup;
			children = (
				0D51A433275F59A500DE6E41 /* LogIn */,
				0D51A432275F59A500DE6E41 /* Products */,
			);
			sourceTree = "<group>";
		};
		0D51A432275F59A500DE6E41 /* Products */ = {
			isa = PBXGroup;
			children = (
				0D51A431275F59A500DE6E41 /* LogIn.app */,
			);
			name = Products;
			sourceTree = "<group>";
		};
		0D51A433275F59A500DE6E41 /* LogIn */ = {
			isa = PBXGroup;
			children = (
				0D418B4827798984008148E6 /* LoginViewController */,
				0D36346327AF769500B3C6A7 /* TodoTableView */,
				0D92EBD327B3EE71001BC2E7 /* Services */,
				0D4B1097278D72C80070BC8B /* Helpers */,
				0D4B1099278D72FE0070BC8B /* CommonFiles */,
				0D51A442275F59A900DE6E41 /* Info.plist */,
				0D4B108E278D68670070BC8B /* GoogleService-Info.plist */,
			);
			path = LogIn;
			sourceTree = "<group>";
		};
		0D92EBD327B3EE71001BC2E7 /* Services */ = {
			isa = PBXGroup;
			children = (
				0D4B1098278D72DE0070BC8B /* Auth */,
				0D92EBD427B3EE84001BC2E7 /* Persistence */,
			);
			path = Services;
			sourceTree = "<group>";
		};
		0D92EBD427B3EE84001BC2E7 /* Persistence */ = {
			isa = PBXGroup;
			children = (
				0D92EBD127B39254001BC2E7 /* Persistence.swift */,
			);
			path = Persistence;
			sourceTree = "<group>";
		};
/* End PBXGroup section */

/* Begin PBXNativeTarget section */
		0D51A430275F59A500DE6E41 /* LogIn */ = {
			isa = PBXNativeTarget;
			buildConfigurationList = 0D51A445275F59A900DE6E41 /* Build configuration list for PBXNativeTarget "LogIn" */;
			buildPhases = (
				0D51A42D275F59A500DE6E41 /* Sources */,
				0D51A42E275F59A500DE6E41 /* Frameworks */,
				0D51A42F275F59A500DE6E41 /* Resources */,
			);
			buildRules = (
			);
			dependencies = (
			);
			name = LogIn;
			packageProductDependencies = (
				0D4B1091278D6A640070BC8B /* FirebaseAnalytics */,
				0D4B1093278D6A640070BC8B /* FirebaseAuth */,
			);
			productName = LogIn;
			productReference = 0D51A431275F59A500DE6E41 /* LogIn.app */;
			productType = "com.apple.product-type.application";
		};
/* End PBXNativeTarget section */

/* Begin PBXProject section */
		0D51A429275F59A500DE6E41 /* Project object */ = {
			isa = PBXProject;
			attributes = {
				BuildIndependentTargetsInParallel = 1;
				LastSwiftUpdateCheck = 1310;
				LastUpgradeCheck = 1310;
				TargetAttributes = {
					0D51A430275F59A500DE6E41 = {
						CreatedOnToolsVersion = 13.1;
					};
				};
			};
			buildConfigurationList = 0D51A42C275F59A500DE6E41 /* Build configuration list for PBXProject "LogIn" */;
			compatibilityVersion = "Xcode 13.0";
			developmentRegion = en;
			hasScannedForEncodings = 0;
			knownRegions = (
				en,
				Base,
			);
			mainGroup = 0D51A428275F59A500DE6E41;
			packageReferences = (
				0D4B1090278D6A640070BC8B /* XCRemoteSwiftPackageReference "firebase-ios-sdk" */,
			);
			productRefGroup = 0D51A432275F59A500DE6E41 /* Products */;
			projectDirPath = "";
			projectRoot = "";
			targets = (
				0D51A430275F59A500DE6E41 /* LogIn */,
			);
		};
/* End PBXProject section */

/* Begin PBXResourcesBuildPhase section */
		0D51A42F275F59A500DE6E41 /* Resources */ = {
			isa = PBXResourcesBuildPhase;
			buildActionMask = 2147483647;
			files = (
				0D51A441275F59A900DE6E41 /* LaunchScreen.storyboard in Resources */,
				0D51A43E275F59A900DE6E41 /* Assets.xcassets in Resources */,
				0D4B108F278D68670070BC8B /* GoogleService-Info.plist in Resources */,
			);
			runOnlyForDeploymentPostprocessing = 0;
		};
/* End PBXResourcesBuildPhase section */

/* Begin PBXSourcesBuildPhase section */
		0D51A42D275F59A500DE6E41 /* Sources */ = {
			isa = PBXSourcesBuildPhase;
			buildActionMask = 2147483647;
			files = (
				0D51A435275F59A500DE6E41 /* AppDelegate.swift in Sources */,
				0D4B109B278D892F0070BC8B /* TodoTableView.swift in Sources */,
				0D36346727AFBA7900B3C6A7 /* TodoRowView.swift in Sources */,
				0D4B1096278D6C230070BC8B /* AuthManager.swift in Sources */,
				0D2E17CF279272BB00004FC8 /* LoginBackView.swift in Sources */,
				0D92EBD627B3F6DF001BC2E7 /* TodoTableViewModel.swift in Sources */,
				0D25F1A22796F4280044868E /* Combine-withLatestFrom.swift in Sources */,
				0D51A437275F59A500DE6E41 /* SceneDelegate.swift in Sources */,
				0D36346927B0B1D600B3C6A7 /* SwiftUI+KeyboardFrameModifier.swift in Sources */,
				0DBA3CFB2779BFDF0048BFC1 /* AppConstants.swift in Sources */,
				0D2E17CB27926AFE00004FC8 /* ActivityIndicator.swift in Sources */,
				0D2E17CD27926B5000004FC8 /* ErrorIndicator.swift in Sources */,
				0D418B472779784E008148E6 /* LoginViewController.swift in Sources */,
				0D36346B27B0B8B900B3C6A7 /* AlertWithTF.swift in Sources */,
				0D51A44F27623BF900DE6E41 /* UIControl+Combine.swift in Sources */,
				0D418B4A27799743008148E6 /* LoginModels.swift in Sources */,
				0D36346527AFBA4600B3C6A7 /* TodoModel.swift in Sources */,
				0D51A44B275F902100DE6E41 /* UIExtensions.swift in Sources */,
				0D92EBD227B39254001BC2E7 /* Persistence.swift in Sources */,
				0D418B4C27799809008148E6 /* LoginViewModel.swift in Sources */,
			);
			runOnlyForDeploymentPostprocessing = 0;
		};
/* End PBXSourcesBuildPhase section */

/* Begin PBXVariantGroup section */
		0D51A43F275F59A900DE6E41 /* LaunchScreen.storyboard */ = {
			isa = PBXVariantGroup;
			children = (
				0D51A440275F59A900DE6E41 /* Base */,
			);
			name = LaunchScreen.storyboard;
			sourceTree = "<group>";
		};
/* End PBXVariantGroup section */

/* Begin XCBuildConfiguration section */
		0D51A443275F59A900DE6E41 /* Debug */ = {
			isa = XCBuildConfiguration;
			buildSettings = {
				ALWAYS_SEARCH_USER_PATHS = NO;
				CLANG_ANALYZER_NONNULL = YES;
				CLANG_ANALYZER_NUMBER_OBJECT_CONVERSION = YES_AGGRESSIVE;
				CLANG_CXX_LANGUAGE_STANDARD = "gnu++17";
				CLANG_CXX_LIBRARY = "libc++";
				CLANG_ENABLE_MODULES = YES;
				CLANG_ENABLE_OBJC_ARC = YES;
				CLANG_ENABLE_OBJC_WEAK = YES;
				CLANG_WARN_BLOCK_CAPTURE_AUTORELEASING = YES;
				CLANG_WARN_BOOL_CONVERSION = YES;
				CLANG_WARN_COMMA = YES;
				CLANG_WARN_CONSTANT_CONVERSION = YES;
				CLANG_WARN_DEPRECATED_OBJC_IMPLEMENTATIONS = YES;
				CLANG_WARN_DIRECT_OBJC_ISA_USAGE = YES_ERROR;
				CLANG_WARN_DOCUMENTATION_COMMENTS = YES;
				CLANG_WARN_EMPTY_BODY = YES;
				CLANG_WARN_ENUM_CONVERSION = YES;
				CLANG_WARN_INFINITE_RECURSION = YES;
				CLANG_WARN_INT_CONVERSION = YES;
				CLANG_WARN_NON_LITERAL_NULL_CONVERSION = YES;
				CLANG_WARN_OBJC_IMPLICIT_RETAIN_SELF = YES;
				CLANG_WARN_OBJC_LITERAL_CONVERSION = YES;
				CLANG_WARN_OBJC_ROOT_CLASS = YES_ERROR;
				CLANG_WARN_QUOTED_INCLUDE_IN_FRAMEWORK_HEADER = YES;
				CLANG_WARN_RANGE_LOOP_ANALYSIS = YES;
				CLANG_WARN_STRICT_PROTOTYPES = YES;
				CLANG_WARN_SUSPICIOUS_MOVE = YES;
				CLANG_WARN_UNGUARDED_AVAILABILITY = YES_AGGRESSIVE;
				CLANG_WARN_UNREACHABLE_CODE = YES;
				CLANG_WARN__DUPLICATE_METHOD_MATCH = YES;
				COPY_PHASE_STRIP = NO;
				DEBUG_INFORMATION_FORMAT = dwarf;
				ENABLE_STRICT_OBJC_MSGSEND = YES;
				ENABLE_TESTABILITY = YES;
				GCC_C_LANGUAGE_STANDARD = gnu11;
				GCC_DYNAMIC_NO_PIC = NO;
				GCC_NO_COMMON_BLOCKS = YES;
				GCC_OPTIMIZATION_LEVEL = 0;
				GCC_PREPROCESSOR_DEFINITIONS = (
					"DEBUG=1",
					"$(inherited)",
				);
				GCC_WARN_64_TO_32_BIT_CONVERSION = YES;
				GCC_WARN_ABOUT_RETURN_TYPE = YES_ERROR;
				GCC_WARN_UNDECLARED_SELECTOR = YES;
				GCC_WARN_UNINITIALIZED_AUTOS = YES_AGGRESSIVE;
				GCC_WARN_UNUSED_FUNCTION = YES;
				GCC_WARN_UNUSED_VARIABLE = YES;
				IPHONEOS_DEPLOYMENT_TARGET = 14.0;
				MTL_ENABLE_DEBUG_INFO = INCLUDE_SOURCE;
				MTL_FAST_MATH = YES;
				ONLY_ACTIVE_ARCH = YES;
				SDKROOT = iphoneos;
				SWIFT_ACTIVE_COMPILATION_CONDITIONS = DEBUG;
				SWIFT_OPTIMIZATION_LEVEL = "-Onone";
			};
			name = Debug;
		};
		0D51A444275F59A900DE6E41 /* Release */ = {
			isa = XCBuildConfiguration;
			buildSettings = {
				ALWAYS_SEARCH_USER_PATHS = NO;
				CLANG_ANALYZER_NONNULL = YES;
				CLANG_ANALYZER_NUMBER_OBJECT_CONVERSION = YES_AGGRESSIVE;
				CLANG_CXX_LANGUAGE_STANDARD = "gnu++17";
				CLANG_CXX_LIBRARY = "libc++";
				CLANG_ENABLE_MODULES = YES;
				CLANG_ENABLE_OBJC_ARC = YES;
				CLANG_ENABLE_OBJC_WEAK = YES;
				CLANG_WARN_BLOCK_CAPTURE_AUTORELEASING = YES;
				CLANG_WARN_BOOL_CONVERSION = YES;
				CLANG_WARN_COMMA = YES;
				CLANG_WARN_CONSTANT_CONVERSION = YES;
				CLANG_WARN_DEPRECATED_OBJC_IMPLEMENTATIONS = YES;
				CLANG_WARN_DIRECT_OBJC_ISA_USAGE = YES_ERROR;
				CLANG_WARN_DOCUMENTATION_COMMENTS = YES;
				CLANG_WARN_EMPTY_BODY = YES;
				CLANG_WARN_ENUM_CONVERSION = YES;
				CLANG_WARN_INFINITE_RECURSION = YES;
				CLANG_WARN_INT_CONVERSION = YES;
				CLANG_WARN_NON_LITERAL_NULL_CONVERSION = YES;
				CLANG_WARN_OBJC_IMPLICIT_RETAIN_SELF = YES;
				CLANG_WARN_OBJC_LITERAL_CONVERSION = YES;
				CLANG_WARN_OBJC_ROOT_CLASS = YES_ERROR;
				CLANG_WARN_QUOTED_INCLUDE_IN_FRAMEWORK_HEADER = YES;
				CLANG_WARN_RANGE_LOOP_ANALYSIS = YES;
				CLANG_WARN_STRICT_PROTOTYPES = YES;
				CLANG_WARN_SUSPICIOUS_MOVE = YES;
				CLANG_WARN_UNGUARDED_AVAILABILITY = YES_AGGRESSIVE;
				CLANG_WARN_UNREACHABLE_CODE = YES;
				CLANG_WARN__DUPLICATE_METHOD_MATCH = YES;
				COPY_PHASE_STRIP = NO;
				DEBUG_INFORMATION_FORMAT = "dwarf-with-dsym";
				ENABLE_NS_ASSERTIONS = NO;
				ENABLE_STRICT_OBJC_MSGSEND = YES;
				GCC_C_LANGUAGE_STANDARD = gnu11;
				GCC_NO_COMMON_BLOCKS = YES;
				GCC_WARN_64_TO_32_BIT_CONVERSION = YES;
				GCC_WARN_ABOUT_RETURN_TYPE = YES_ERROR;
				GCC_WARN_UNDECLARED_SELECTOR = YES;
				GCC_WARN_UNINITIALIZED_AUTOS = YES_AGGRESSIVE;
				GCC_WARN_UNUSED_FUNCTION = YES;
				GCC_WARN_UNUSED_VARIABLE = YES;
				IPHONEOS_DEPLOYMENT_TARGET = 14.0;
				MTL_ENABLE_DEBUG_INFO = NO;
				MTL_FAST_MATH = YES;
				SDKROOT = iphoneos;
				SWIFT_COMPILATION_MODE = wholemodule;
				SWIFT_OPTIMIZATION_LEVEL = "-O";
				VALIDATE_PRODUCT = YES;
			};
			name = Release;
		};
		0D51A446275F59A900DE6E41 /* Debug */ = {
			isa = XCBuildConfiguration;
			buildSettings = {
				ASSETCATALOG_COMPILER_APPICON_NAME = AppIcon;
				ASSETCATALOG_COMPILER_GLOBAL_ACCENT_COLOR_NAME = AccentColor;
				CODE_SIGN_STYLE = Automatic;
				CURRENT_PROJECT_VERSION = 1;
				DEVELOPMENT_TEAM = 3P9KGAPYFK;
				GENERATE_INFOPLIST_FILE = YES;
				INFOPLIST_FILE = LogIn/Info.plist;
				INFOPLIST_KEY_UIApplicationSupportsIndirectInputEvents = YES;
				INFOPLIST_KEY_UILaunchStoryboardName = LaunchScreen;
				INFOPLIST_KEY_UIRequiresFullScreen = NO;
				INFOPLIST_KEY_UISupportedInterfaceOrientations = UIInterfaceOrientationPortrait;
				INFOPLIST_KEY_UISupportedInterfaceOrientations_iPad = "UIInterfaceOrientationPortrait UIInterfaceOrientationPortraitUpsideDown";
				INFOPLIST_KEY_UISupportedInterfaceOrientations_iPhone = UIInterfaceOrientationPortrait;
				IPHONEOS_DEPLOYMENT_TARGET = 15.0;
				LD_RUNPATH_SEARCH_PATHS = (
					"$(inherited)",
					"@executable_path/Frameworks",
				);
				MARKETING_VERSION = 1.0;
				PRODUCT_BUNDLE_IDENTIFIER = com.alexPermiakov.loginTemplate;
				PRODUCT_NAME = "$(TARGET_NAME)";
				SWIFT_EMIT_LOC_STRINGS = YES;
				SWIFT_VERSION = 5.0;
				TARGETED_DEVICE_FAMILY = "1,2";
			};
			name = Debug;
		};
		0D51A447275F59A900DE6E41 /* Release */ = {
			isa = XCBuildConfiguration;
			buildSettings = {
				ASSETCATALOG_COMPILER_APPICON_NAME = AppIcon;
				ASSETCATALOG_COMPILER_GLOBAL_ACCENT_COLOR_NAME = AccentColor;
				CODE_SIGN_STYLE = Automatic;
				CURRENT_PROJECT_VERSION = 1;
				DEVELOPMENT_TEAM = 3P9KGAPYFK;
				GENERATE_INFOPLIST_FILE = YES;
				INFOPLIST_FILE = LogIn/Info.plist;
				INFOPLIST_KEY_UIApplicationSupportsIndirectInputEvents = YES;
				INFOPLIST_KEY_UILaunchStoryboardName = LaunchScreen;
				INFOPLIST_KEY_UIRequiresFullScreen = NO;
				INFOPLIST_KEY_UISupportedInterfaceOrientations = UIInterfaceOrientationPortrait;
				INFOPLIST_KEY_UISupportedInterfaceOrientations_iPad = "UIInterfaceOrientationPortrait UIInterfaceOrientationPortraitUpsideDown";
				INFOPLIST_KEY_UISupportedInterfaceOrientations_iPhone = UIInterfaceOrientationPortrait;
				IPHONEOS_DEPLOYMENT_TARGET = 15.0;
				LD_RUNPATH_SEARCH_PATHS = (
					"$(inherited)",
					"@executable_path/Frameworks",
				);
				MARKETING_VERSION = 1.0;
				PRODUCT_BUNDLE_IDENTIFIER = com.alexPermiakov.loginTemplate;
				PRODUCT_NAME = "$(TARGET_NAME)";
				SWIFT_EMIT_LOC_STRINGS = YES;
				SWIFT_VERSION = 5.0;
				TARGETED_DEVICE_FAMILY = "1,2";
			};
			name = Release;
		};
/* End XCBuildConfiguration section */

/* Begin XCConfigurationList section */
		0D51A42C275F59A500DE6E41 /* Build configuration list for PBXProject "LogIn" */ = {
			isa = XCConfigurationList;
			buildConfigurations = (
				0D51A443275F59A900DE6E41 /* Debug */,
				0D51A444275F59A900DE6E41 /* Release */,
			);
			defaultConfigurationIsVisible = 0;
			defaultConfigurationName = Release;
		};
		0D51A445275F59A900DE6E41 /* Build configuration list for PBXNativeTarget "LogIn" */ = {
			isa = XCConfigurationList;
			buildConfigurations = (
				0D51A446275F59A900DE6E41 /* Debug */,
				0D51A447275F59A900DE6E41 /* Release */,
			);
			defaultConfigurationIsVisible = 0;
			defaultConfigurationName = Release;
		};
/* End XCConfigurationList section */

/* Begin XCRemoteSwiftPackageReference section */
		0D4B1090278D6A640070BC8B /* XCRemoteSwiftPackageReference "firebase-ios-sdk" */ = {
			isa = XCRemoteSwiftPackageReference;
			repositoryURL = "https://github.com/firebase/firebase-ios-sdk";
			requirement = {
				kind = upToNextMajorVersion;
				minimumVersion = 8.0.0;
			};
		};
/* End XCRemoteSwiftPackageReference section */

/* Begin XCSwiftPackageProductDependency section */
		0D4B1091278D6A640070BC8B /* FirebaseAnalytics */ = {
			isa = XCSwiftPackageProductDependency;
			package = 0D4B1090278D6A640070BC8B /* XCRemoteSwiftPackageReference "firebase-ios-sdk" */;
			productName = FirebaseAnalytics;
		};
		0D4B1093278D6A640070BC8B /* FirebaseAuth */ = {
			isa = XCSwiftPackageProductDependency;
			package = 0D4B1090278D6A640070BC8B /* XCRemoteSwiftPackageReference "firebase-ios-sdk" */;
			productName = FirebaseAuth;
		};
/* End XCSwiftPackageProductDependency section */
	};
	rootObject = 0D51A429275F59A500DE6E41 /* Project object */;
}
